
Microsoft Visual Studio Solution File, Format Version 12.00
# Visual Studio Version 17
VisualStudioVersion = 17.11.35312.102
MinimumVisualStudioVersion = 10.0.40219.1
Project("{9A19103F-16F7-4668-BE54-9A1E7A4F7556}") = "Api", "Api.csproj", "{C2464154-BE77-40E0-A12C-35FB85D42A5D}"
EndProject
Project("{2150E333-8FDC-42A3-9474-1A3956D46DE8}") = "Applications", "Applications", "{073E8585-6581-4993-9B39-91A83B25D3E0}"
EndProject
Project("{2150E333-8FDC-42A3-9474-1A3956D46DE8}") = "Application.Comands.Requests", "Application.Comands.Requests", "{1435274B-7A4B-4CF6-8446-4BC1C5231FC2}"
EndProject
Project("{2150E333-8FDC-42A3-9474-1A3956D46DE8}") = "Application.Comands.Responses", "Application.Comands.Responses", "{82843D57-338C-4CB9-A854-E05E955FB491}"
EndProject
Project("{2150E333-8FDC-42A3-9474-1A3956D46DE8}") = "Application.Handlers", "Application.Handlers", "{43A0F53B-5841-406C-9360-4B8ED6CFC6E3}"
EndProject
Project("{9A19103F-16F7-4668-BE54-9A1E7A4F7556}") = "Application.Comands.Requests", "..\Application\Application.Comands.Requests\Application.Comands.Requests.csproj", "{D32D817E-AB1E-4982-A6F8-45933B7DA82A}"
EndProject
Project("{9A19103F-16F7-4668-BE54-9A1E7A4F7556}") = "Application.Comands.Responses", "..\Application\Application.Comands.Responses\Application.Comands.Responses.csproj", "{42AB1136-D76E-4FA8-9407-8D21AB726635}"
EndProject
Project("{9A19103F-16F7-4668-BE54-9A1E7A4F7556}") = "Application.Handlers", "..\Application\Application.Handlers\Application.Handlers.csproj", "{1F558F2B-099D-4630-B187-3923A974B743}"
EndProject
Project("{2150E333-8FDC-42A3-9474-1A3956D46DE8}") = "Domains", "Domains", "{6845A3E5-3ECD-4E80-AF6C-D19223CBA0DC}"
EndProject
Project("{2150E333-8FDC-42A3-9474-1A3956D46DE8}") = "Infrastructures", "Infrastructures", "{81593D80-2E4E-48CA-B496-4D3AE92F904D}"
EndProject
Project("{2150E333-8FDC-42A3-9474-1A3956D46DE8}") = "Infrastructure.DependencyInjection", "Infrastructure.DependencyInjection", "{F61FF215-0458-4E0B-AFC8-D35C8B5535BE}"
EndProject
Project("{2150E333-8FDC-42A3-9474-1A3956D46DE8}") = "Infrastructure.DomainsConfiguration", "Infrastructure.DomainsConfiguration", "{D9316472-9A8C-4B1B-A53A-10AC4FE22DEB}"
EndProject
Project("{2150E333-8FDC-42A3-9474-1A3956D46DE8}") = "Infrastructure.Repository", "Infrastructure.Repository", "{2F277B25-BEAC-4E37-B1E1-25D57A423982}"
EndProject
Project("{9A19103F-16F7-4668-BE54-9A1E7A4F7556}") = "Infrastructure.Repository", "..\Infrastructure\Infrastructure.Repository\Infrastructure.Repository.csproj", "{FA48DE33-F2E6-4D7B-A2A3-C5B9D9992EAA}"
EndProject
Project("{9A19103F-16F7-4668-BE54-9A1E7A4F7556}") = "Infrastructure.DomainsConfiguration", "..\Infrastructure\Infrastructure.DomainsConfiguration\Infrastructure.DomainsConfiguration.csproj", "{845C5597-46AA-42E8-910A-2816731959F3}"
EndProject
Project("{9A19103F-16F7-4668-BE54-9A1E7A4F7556}") = "Infrastructure.DependencyInjection", "..\Infrastructure\Infrastructure.DependencyInjection\Infrastructure.DependencyInjection.csproj", "{E34963FB-F87A-487C-9399-8AA6D71C757D}"
EndProject
Project("{2150E333-8FDC-42A3-9474-1A3956D46DE8}") = "Services", "Services", "{FE96A854-2E67-4304-BA78-90281586FAFA}"
EndProject
Project("{2150E333-8FDC-42A3-9474-1A3956D46DE8}") = "Domain.Two", "Domain.Two", "{2B27A6A5-E763-4FDE-B27A-E2DAD50E8405}"
EndProject
Project("{2150E333-8FDC-42A3-9474-1A3956D46DE8}") = "Domain.Three", "Domain.Three", "{5A5FF22D-500E-40AA-9E70-115862DC17A5}"
EndProject
Project("{2150E333-8FDC-42A3-9474-1A3956D46DE8}") = "Domain.One", "Domain.One", "{5481C8E1-1062-4CB5-8DDF-1A18A3AFF141}"
EndProject
Project("{9A19103F-16F7-4668-BE54-9A1E7A4F7556}") = "Domain.One", "..\Domains\Domain.One\Domain.One.csproj", "{6BC797EF-9DE0-40C2-BAC1-E4241C7555FE}"
EndProject
Project("{9A19103F-16F7-4668-BE54-9A1E7A4F7556}") = "Domain.Two", "..\Domains\Domain.Two\Domain.Two.csproj", "{54D41B5F-6382-472B-8476-24B7FBED41E1}"
EndProject
Project("{9A19103F-16F7-4668-BE54-9A1E7A4F7556}") = "Domain.Three", "..\Domains\Domain.Three\Domain.Three.csproj", "{AC4B9DE6-B341-42A3-9145-28E682305684}"
EndProject
Project("{2150E333-8FDC-42A3-9474-1A3956D46DE8}") = "Service.One", "Service.One", "{A6C3F89E-9280-471E-A280-D23DC4C78AA7}"
EndProject
Project("{2150E333-8FDC-42A3-9474-1A3956D46DE8}") = "Service.Two", "Service.Two", "{25687EA9-75E2-413F-A28A-4D0C893A798B}"
EndProject
Project("{2150E333-8FDC-42A3-9474-1A3956D46DE8}") = "Service.Three", "Service.Three", "{FEBE4188-75EE-4E9E-8C92-B160CAD6062A}"
EndProject
Project("{9A19103F-16F7-4668-BE54-9A1E7A4F7556}") = "Service.One", "..\Services\Service.One\Service.One.csproj", "{F63EFF44-C725-4D69-9F3F-71B7895125AC}"
EndProject
Project("{9A19103F-16F7-4668-BE54-9A1E7A4F7556}") = "Service.Two", "..\Services\Service.Two\Service.Two.csproj", "{74BCD86B-F92F-49C2-8A61-2B546AFFC8D8}"
EndProject
Project("{9A19103F-16F7-4668-BE54-9A1E7A4F7556}") = "Service.Three", "..\Services\Service.Three\Service.Three.csproj", "{78241CD3-0EF5-4F94-83D5-2B01CA9B1858}"
EndProject
Global
	GlobalSection(SolutionConfigurationPlatforms) = preSolution
		Debug|Any CPU = Debug|Any CPU
		Release|Any CPU = Release|Any CPU
	EndGlobalSection
	GlobalSection(ProjectConfigurationPlatforms) = postSolution
		{C2464154-BE77-40E0-A12C-35FB85D42A5D}.Debug|Any CPU.ActiveCfg = Debug|Any CPU
		{C2464154-BE77-40E0-A12C-35FB85D42A5D}.Debug|Any CPU.Build.0 = Debug|Any CPU
		{C2464154-BE77-40E0-A12C-35FB85D42A5D}.Release|Any CPU.ActiveCfg = Release|Any CPU
		{C2464154-BE77-40E0-A12C-35FB85D42A5D}.Release|Any CPU.Build.0 = Release|Any CPU
		{D32D817E-AB1E-4982-A6F8-45933B7DA82A}.Debug|Any CPU.ActiveCfg = Debug|Any CPU
		{D32D817E-AB1E-4982-A6F8-45933B7DA82A}.Debug|Any CPU.Build.0 = Debug|Any CPU
		{D32D817E-AB1E-4982-A6F8-45933B7DA82A}.Release|Any CPU.ActiveCfg = Release|Any CPU
		{D32D817E-AB1E-4982-A6F8-45933B7DA82A}.Release|Any CPU.Build.0 = Release|Any CPU
		{42AB1136-D76E-4FA8-9407-8D21AB726635}.Debug|Any CPU.ActiveCfg = Debug|Any CPU
		{42AB1136-D76E-4FA8-9407-8D21AB726635}.Debug|Any CPU.Build.0 = Debug|Any CPU
		{42AB1136-D76E-4FA8-9407-8D21AB726635}.Release|Any CPU.ActiveCfg = Release|Any CPU
		{42AB1136-D76E-4FA8-9407-8D21AB726635}.Release|Any CPU.Build.0 = Release|Any CPU
		{1F558F2B-099D-4630-B187-3923A974B743}.Debug|Any CPU.ActiveCfg = Debug|Any CPU
		{1F558F2B-099D-4630-B187-3923A974B743}.Debug|Any CPU.Build.0 = Debug|Any CPU
		{1F558F2B-099D-4630-B187-3923A974B743}.Release|Any CPU.ActiveCfg = Release|Any CPU
		{1F558F2B-099D-4630-B187-3923A974B743}.Release|Any CPU.Build.0 = Release|Any CPU
		{FA48DE33-F2E6-4D7B-A2A3-C5B9D9992EAA}.Debug|Any CPU.ActiveCfg = Debug|Any CPU
		{FA48DE33-F2E6-4D7B-A2A3-C5B9D9992EAA}.Debug|Any CPU.Build.0 = Debug|Any CPU
		{FA48DE33-F2E6-4D7B-A2A3-C5B9D9992EAA}.Release|Any CPU.ActiveCfg = Release|Any CPU
		{FA48DE33-F2E6-4D7B-A2A3-C5B9D9992EAA}.Release|Any CPU.Build.0 = Release|Any CPU
		{845C5597-46AA-42E8-910A-2816731959F3}.Debug|Any CPU.ActiveCfg = Debug|Any CPU
		{845C5597-46AA-42E8-910A-2816731959F3}.Debug|Any CPU.Build.0 = Debug|Any CPU
		{845C5597-46AA-42E8-910A-2816731959F3}.Release|Any CPU.ActiveCfg = Release|Any CPU
		{845C5597-46AA-42E8-910A-2816731959F3}.Release|Any CPU.Build.0 = Release|Any CPU
		{E34963FB-F87A-487C-9399-8AA6D71C757D}.Debug|Any CPU.ActiveCfg = Debug|Any CPU
		{E34963FB-F87A-487C-9399-8AA6D71C757D}.Debug|Any CPU.Build.0 = Debug|Any CPU
		{E34963FB-F87A-487C-9399-8AA6D71C757D}.Release|Any CPU.ActiveCfg = Release|Any CPU
		{E34963FB-F87A-487C-9399-8AA6D71C757D}.Release|Any CPU.Build.0 = Release|Any CPU
		{6BC797EF-9DE0-40C2-BAC1-E4241C7555FE}.Debug|Any CPU.ActiveCfg = Debug|Any CPU
		{6BC797EF-9DE0-40C2-BAC1-E4241C7555FE}.Debug|Any CPU.Build.0 = Debug|Any CPU
		{6BC797EF-9DE0-40C2-BAC1-E4241C7555FE}.Release|Any CPU.ActiveCfg = Release|Any CPU
		{6BC797EF-9DE0-40C2-BAC1-E4241C7555FE}.Release|Any CPU.Build.0 = Release|Any CPU
		{54D41B5F-6382-472B-8476-24B7FBED41E1}.Debug|Any CPU.ActiveCfg = Debug|Any CPU
		{54D41B5F-6382-472B-8476-24B7FBED41E1}.Debug|Any CPU.Build.0 = Debug|Any CPU
		{54D41B5F-6382-472B-8476-24B7FBED41E1}.Release|Any CPU.ActiveCfg = Release|Any CPU
		{54D41B5F-6382-472B-8476-24B7FBED41E1}.Release|Any CPU.Build.0 = Release|Any CPU
		{AC4B9DE6-B341-42A3-9145-28E682305684}.Debug|Any CPU.ActiveCfg = Debug|Any CPU
		{AC4B9DE6-B341-42A3-9145-28E682305684}.Debug|Any CPU.Build.0 = Debug|Any CPU
		{AC4B9DE6-B341-42A3-9145-28E682305684}.Release|Any CPU.ActiveCfg = Release|Any CPU
		{AC4B9DE6-B341-42A3-9145-28E682305684}.Release|Any CPU.Build.0 = Release|Any CPU
		{F63EFF44-C725-4D69-9F3F-71B7895125AC}.Debug|Any CPU.ActiveCfg = Debug|Any CPU
		{F63EFF44-C725-4D69-9F3F-71B7895125AC}.Debug|Any CPU.Build.0 = Debug|Any CPU
		{F63EFF44-C725-4D69-9F3F-71B7895125AC}.Release|Any CPU.ActiveCfg = Release|Any CPU
		{F63EFF44-C725-4D69-9F3F-71B7895125AC}.Release|Any CPU.Build.0 = Release|Any CPU
		{74BCD86B-F92F-49C2-8A61-2B546AFFC8D8}.Debug|Any CPU.ActiveCfg = Debug|Any CPU
		{74BCD86B-F92F-49C2-8A61-2B546AFFC8D8}.Debug|Any CPU.Build.0 = Debug|Any CPU
		{74BCD86B-F92F-49C2-8A61-2B546AFFC8D8}.Release|Any CPU.ActiveCfg = Release|Any CPU
		{74BCD86B-F92F-49C2-8A61-2B546AFFC8D8}.Release|Any CPU.Build.0 = Release|Any CPU
		{78241CD3-0EF5-4F94-83D5-2B01CA9B1858}.Debug|Any CPU.ActiveCfg = Debug|Any CPU
		{78241CD3-0EF5-4F94-83D5-2B01CA9B1858}.Debug|Any CPU.Build.0 = Debug|Any CPU
		{78241CD3-0EF5-4F94-83D5-2B01CA9B1858}.Release|Any CPU.ActiveCfg = Release|Any CPU
		{78241CD3-0EF5-4F94-83D5-2B01CA9B1858}.Release|Any CPU.Build.0 = Release|Any CPU
	EndGlobalSection
	GlobalSection(SolutionProperties) = preSolution
		HideSolutionNode = FALSE
	EndGlobalSection
	GlobalSection(NestedProjects) = preSolution
		{1435274B-7A4B-4CF6-8446-4BC1C5231FC2} = {073E8585-6581-4993-9B39-91A83B25D3E0}
		{82843D57-338C-4CB9-A854-E05E955FB491} = {073E8585-6581-4993-9B39-91A83B25D3E0}
		{43A0F53B-5841-406C-9360-4B8ED6CFC6E3} = {073E8585-6581-4993-9B39-91A83B25D3E0}
		{D32D817E-AB1E-4982-A6F8-45933B7DA82A} = {1435274B-7A4B-4CF6-8446-4BC1C5231FC2}
		{42AB1136-D76E-4FA8-9407-8D21AB726635} = {82843D57-338C-4CB9-A854-E05E955FB491}
		{1F558F2B-099D-4630-B187-3923A974B743} = {43A0F53B-5841-406C-9360-4B8ED6CFC6E3}
		{F61FF215-0458-4E0B-AFC8-D35C8B5535BE} = {81593D80-2E4E-48CA-B496-4D3AE92F904D}
		{D9316472-9A8C-4B1B-A53A-10AC4FE22DEB} = {81593D80-2E4E-48CA-B496-4D3AE92F904D}
		{2F277B25-BEAC-4E37-B1E1-25D57A423982} = {81593D80-2E4E-48CA-B496-4D3AE92F904D}
		{FA48DE33-F2E6-4D7B-A2A3-C5B9D9992EAA} = {2F277B25-BEAC-4E37-B1E1-25D57A423982}
		{845C5597-46AA-42E8-910A-2816731959F3} = {D9316472-9A8C-4B1B-A53A-10AC4FE22DEB}
		{E34963FB-F87A-487C-9399-8AA6D71C757D} = {F61FF215-0458-4E0B-AFC8-D35C8B5535BE}
		{2B27A6A5-E763-4FDE-B27A-E2DAD50E8405} = {6845A3E5-3ECD-4E80-AF6C-D19223CBA0DC}
		{5A5FF22D-500E-40AA-9E70-115862DC17A5} = {6845A3E5-3ECD-4E80-AF6C-D19223CBA0DC}
		{5481C8E1-1062-4CB5-8DDF-1A18A3AFF141} = {6845A3E5-3ECD-4E80-AF6C-D19223CBA0DC}
		{6BC797EF-9DE0-40C2-BAC1-E4241C7555FE} = {5481C8E1-1062-4CB5-8DDF-1A18A3AFF141}
		{54D41B5F-6382-472B-8476-24B7FBED41E1} = {2B27A6A5-E763-4FDE-B27A-E2DAD50E8405}
		{AC4B9DE6-B341-42A3-9145-28E682305684} = {5A5FF22D-500E-40AA-9E70-115862DC17A5}
		{A6C3F89E-9280-471E-A280-D23DC4C78AA7} = {FE96A854-2E67-4304-BA78-90281586FAFA}
		{25687EA9-75E2-413F-A28A-4D0C893A798B} = {FE96A854-2E67-4304-BA78-90281586FAFA}
		{FEBE4188-75EE-4E9E-8C92-B160CAD6062A} = {FE96A854-2E67-4304-BA78-90281586FAFA}
		{F63EFF44-C725-4D69-9F3F-71B7895125AC} = {A6C3F89E-9280-471E-A280-D23DC4C78AA7}
		{74BCD86B-F92F-49C2-8A61-2B546AFFC8D8} = {25687EA9-75E2-413F-A28A-4D0C893A798B}
		{78241CD3-0EF5-4F94-83D5-2B01CA9B1858} = {FEBE4188-75EE-4E9E-8C92-B160CAD6062A}
	EndGlobalSection
	GlobalSection(ExtensibilityGlobals) = postSolution
		SolutionGuid = {0764D6BE-E3EA-44DF-8FBE-4D1E33ED1467}
	EndGlobalSection
EndGlobal
